
Microsoft Visual Studio Solution File, Format Version 12.00
# Visual Studio Version 16
VisualStudioVersion = 16.0.30621.155
MinimumVisualStudioVersion = 10.0.40219.1
Project("{9A19103F-16F7-4668-BE54-9A1E7A4F7556}") = "Assignment", "Assignment\Assignment.csproj", "{00C785EB-9C38-4ACB-9858-A1BBB4A29549}"
EndProject
Global
	GlobalSection(SolutionConfigurationPlatforms) = preSolution
		Debug|Any CPU = Debug|Any CPU
		Release|Any CPU = Release|Any CPU
	EndGlobalSection
	GlobalSection(ProjectConfigurationPlatforms) = postSolution
		{00C785EB-9C38-4ACB-9858-A1BBB4A29549}.Debug|Any CPU.ActiveCfg = Debug|Any CPU
		{00C785EB-9C38-4ACB-9858-A1BBB4A29549}.Debug|Any CPU.Build.0 = Debug|Any CPU
		{00C785EB-9C38-4ACB-9858-A1BBB4A29549}.Release|Any CPU.ActiveCfg = Release|Any CPU
		{00C785EB-9C38-4ACB-9858-A1BBB4A29549}.Release|Any CPU.Build.0 = Release|Any CPU
	EndGlobalSection
	GlobalSection(SolutionProperties) = preSolution
		HideSolutionNode = FALSE
	EndGlobalSection
	GlobalSection(ExtensibilityGlobals) = postSolution
		SolutionGuid = {1291339D-C0C6-4D8E-BAB1-7AD21B53EBB3}
	EndGlobalSection
EndGlobal
